
Microsoft Visual Studio Solution File, Format Version 12.00
# Visual Studio Version 17
VisualStudioVersion = 17.5.33502.453
MinimumVisualStudioVersion = 10.0.40219.1
Project("{888888A0-9F3D-457C-B088-3A5042F75D52}") = "TestPythonGUI", "TestPythonGUI.pyproj", "{AA33798E-73AE-45E1-B9CD-65644C8EBB82}"
EndProject
Global
	GlobalSection(SolutionConfigurationPlatforms) = preSolution
		Debug|Any CPU = Debug|Any CPU
		Release|Any CPU = Release|Any CPU
	EndGlobalSection
	GlobalSection(ProjectConfigurationPlatforms) = postSolution
		{AA33798E-73AE-45E1-B9CD-65644C8EBB82}.Debug|Any CPU.ActiveCfg = Debug|Any CPU
		{AA33798E-73AE-45E1-B9CD-65644C8EBB82}.Release|Any CPU.ActiveCfg = Release|Any CPU
	EndGlobalSection
	GlobalSection(SolutionProperties) = preSolution
		HideSolutionNode = FALSE
	EndGlobalSection
	GlobalSection(ExtensibilityGlobals) = postSolution
		SolutionGuid = {D317C83A-DFDB-4262-ABAD-5EA81F1E41AA}
	EndGlobalSection
EndGlobal
